// !$*UTF8*$!
{
	archiveVersion = 1;
	classes = {
	};
	objectVersion = 46;
	objects = {

/* Begin PBXBuildFile section */
		D681508D1D94CE890022D367 /* Lwt_ActionSheet.m in Sources */ = {isa = PBXBuildFile; fileRef = D68150861D94CE890022D367 /* Lwt_ActionSheet.m */; };
		D681508E1D94CE890022D367 /* Lwt_PhotoBrowser.m in Sources */ = {isa = PBXBuildFile; fileRef = D68150881D94CE890022D367 /* Lwt_PhotoBrowser.m */; };
		D681508F1D94CE890022D367 /* Lwt_PhotoBrowserCell.m in Sources */ = {isa = PBXBuildFile; fileRef = D681508A1D94CE890022D367 /* Lwt_PhotoBrowserCell.m */; };
		D68150901D94CE890022D367 /* Lwt_ProgressView.m in Sources */ = {isa = PBXBuildFile; fileRef = D681508C1D94CE890022D367 /* Lwt_ProgressView.m */; };
/* End PBXBuildFile section */

/* Begin PBXCopyFilesBuildPhase section */
		D68150771D94CC550022D367 /* CopyFiles */ = {
			isa = PBXCopyFilesBuildPhase;
			buildActionMask = 2147483647;
			dstPath = "include/$(PRODUCT_NAME)";
			dstSubfolderSpec = 16;
			files = (
			);
			runOnlyForDeploymentPostprocessing = 0;
		};
/* End PBXCopyFilesBuildPhase section */

/* Begin PBXFileReference section */
		D68150791D94CC550022D367 /* libLwt_PhotoBrowser.a */ = {isa = PBXFileReference; explicitFileType = archive.ar; includeInIndex = 0; path = libLwt_PhotoBrowser.a; sourceTree = BUILT_PRODUCTS_DIR; };
		D68150851D94CE890022D367 /* Lwt_ActionSheet.h */ = {isa = PBXFileReference; fileEncoding = 4; lastKnownFileType = sourcecode.c.h; path = Lwt_ActionSheet.h; sourceTree = "<group>"; };
		D68150861D94CE890022D367 /* Lwt_ActionSheet.m */ = {isa = PBXFileReference; fileEncoding = 4; lastKnownFileType = sourcecode.c.objc; path = Lwt_ActionSheet.m; sourceTree = "<group>"; };
		D68150871D94CE890022D367 /* Lwt_PhotoBrowser.h */ = {isa = PBXFileReference; fileEncoding = 4; lastKnownFileType = sourcecode.c.h; path = Lwt_PhotoBrowser.h; sourceTree = "<group>"; };
		D68150881D94CE890022D367 /* Lwt_PhotoBrowser.m */ = {isa = PBXFileReference; fileEncoding = 4; lastKnownFileType = sourcecode.c.objc; path = Lwt_PhotoBrowser.m; sourceTree = "<group>"; };
		D68150891D94CE890022D367 /* Lwt_PhotoBrowserCell.h */ = {isa = PBXFileReference; fileEncoding = 4; lastKnownFileType = sourcecode.c.h; path = Lwt_PhotoBrowserCell.h; sourceTree = "<group>"; };
		D681508A1D94CE890022D367 /* Lwt_PhotoBrowserCell.m */ = {isa = PBXFileReference; fileEncoding = 4; lastKnownFileType = sourcecode.c.objc; path = Lwt_PhotoBrowserCell.m; sourceTree = "<group>"; };
		D681508B1D94CE890022D367 /* Lwt_ProgressView.h */ = {isa = PBXFileReference; fileEncoding = 4; lastKnownFileType = sourcecode.c.h; path = Lwt_ProgressView.h; sourceTree = "<group>"; };
		D681508C1D94CE890022D367 /* Lwt_ProgressView.m */ = {isa = PBXFileReference; fileEncoding = 4; lastKnownFileType = sourcecode.c.objc; path = Lwt_ProgressView.m; sourceTree = "<group>"; };
/* End PBXFileReference section */

/* Begin PBXFrameworksBuildPhase section */
		D68150761D94CC550022D367 /* Frameworks */ = {
			isa = PBXFrameworksBuildPhase;
			buildActionMask = 2147483647;
			files = (
			);
			runOnlyForDeploymentPostprocessing = 0;
		};
/* End PBXFrameworksBuildPhase section */

/* Begin PBXGroup section */
		D68150701D94CC550022D367 = {
			isa = PBXGroup;
			children = (
				D681507B1D94CC550022D367 /* Lwt_PhotoBrowser */,
				D681507A1D94CC550022D367 /* Products */,
			);
			sourceTree = "<group>";
		};
		D681507A1D94CC550022D367 /* Products */ = {
			isa = PBXGroup;
			children = (
				D68150791D94CC550022D367 /* libLwt_PhotoBrowser.a */,
			);
			name = Products;
			sourceTree = "<group>";
		};
		D681507B1D94CC550022D367 /* Lwt_PhotoBrowser */ = {
			isa = PBXGroup;
			children = (
				D68150851D94CE890022D367 /* Lwt_ActionSheet.h */,
				D68150861D94CE890022D367 /* Lwt_ActionSheet.m */,
				D68150871D94CE890022D367 /* Lwt_PhotoBrowser.h */,
				D68150881D94CE890022D367 /* Lwt_PhotoBrowser.m */,
				D68150891D94CE890022D367 /* Lwt_PhotoBrowserCell.h */,
				D681508A1D94CE890022D367 /* Lwt_PhotoBrowserCell.m */,
				D681508B1D94CE890022D367 /* Lwt_ProgressView.h */,
				D681508C1D94CE890022D367 /* Lwt_ProgressView.m */,
			);
			path = Lwt_PhotoBrowser;
			sourceTree = "<group>";
		};
/* End PBXGroup section */

/* Begin PBXNativeTarget section */
		D68150781D94CC550022D367 /* Lwt_PhotoBrowser */ = {
			isa = PBXNativeTarget;
			buildConfigurationList = D68150821D94CC550022D367 /* Build configuration list for PBXNativeTarget "Lwt_PhotoBrowser" */;
			buildPhases = (
				D68150751D94CC550022D367 /* Sources */,
				D68150761D94CC550022D367 /* Frameworks */,
				D68150771D94CC550022D367 /* CopyFiles */,
			);
			buildRules = (
			);
			dependencies = (
			);
			name = Lwt_PhotoBrowser;
			productName = Lwt_PhotoBrowser;
			productReference = D68150791D94CC550022D367 /* libLwt_PhotoBrowser.a */;
			productType = "com.apple.product-type.library.static";
		};
/* End PBXNativeTarget section */

/* Begin PBXProject section */
		D68150711D94CC550022D367 /* Project object */ = {
			isa = PBXProject;
			attributes = {
				LastUpgradeCheck = 0800;
				ORGANIZATIONNAME = com.wentao;
				TargetAttributes = {
					D68150781D94CC550022D367 = {
						CreatedOnToolsVersion = 8.0;
						DevelopmentTeam = JN9JB2J342;
						ProvisioningStyle = Automatic;
					};
				};
			};
			buildConfigurationList = D68150741D94CC550022D367 /* Build configuration list for PBXProject "Lwt_PhotoBrowser" */;
			compatibilityVersion = "Xcode 3.2";
			developmentRegion = English;
			hasScannedForEncodings = 0;
			knownRegions = (
				en,
			);
			mainGroup = D68150701D94CC550022D367;
			productRefGroup = D681507A1D94CC550022D367 /* Products */;
			projectDirPath = "";
			projectRoot = "";
			targets = (
				D68150781D94CC550022D367 /* Lwt_PhotoBrowser */,
			);
		};
/* End PBXProject section */

/* Begin PBXSourcesBuildPhase section */
		D68150751D94CC550022D367 /* Sources */ = {
			isa = PBXSourcesBuildPhase;
			buildActionMask = 2147483647;
			files = (
				D681508D1D94CE890022D367 /* Lwt_ActionSheet.m in Sources */,
				D681508F1D94CE890022D367 /* Lwt_PhotoBrowserCell.m in Sources */,
				D681508E1D94CE890022D367 /* Lwt_PhotoBrowser.m in Sources */,
				D68150901D94CE890022D367 /* Lwt_ProgressView.m in Sources */,
			);
			runOnlyForDeploymentPostprocessing = 0;
		};
/* End PBXSourcesBuildPhase section */

/* Begin XCBuildConfiguration section */
		D68150801D94CC550022D367 /* Debug */ = {
			isa = XCBuildConfiguration;
			buildSettings = {
				ALWAYS_SEARCH_USER_PATHS = NO;
				CLANG_ANALYZER_NONNULL = YES;
				CLANG_CXX_LANGUAGE_STANDARD = "gnu++0x";
				CLANG_CXX_LIBRARY = "libc++";
				CLANG_ENABLE_MODULES = YES;
				CLANG_ENABLE_OBJC_ARC = YES;
				CLANG_WARN_BOOL_CONVERSION = YES;
				CLANG_WARN_CONSTANT_CONVERSION = YES;
				CLANG_WARN_DIRECT_OBJC_ISA_USAGE = YES_ERROR;
				CLANG_WARN_DOCUMENTATION_COMMENTS = YES;
				CLANG_WARN_EMPTY_BODY = YES;
				CLANG_WARN_ENUM_CONVERSION = YES;
				CLANG_WARN_INFINITE_RECURSION = YES;
				CLANG_WARN_INT_CONVERSION = YES;
				CLANG_WARN_OBJC_ROOT_CLASS = YES_ERROR;
				CLANG_WARN_SUSPICIOUS_MOVES = YES;
				CLANG_WARN_UNREACHABLE_CODE = YES;
				CLANG_WARN__DUPLICATE_METHOD_MATCH = YES;
				"CODE_SIGN_IDENTITY[sdk=iphoneos*]" = "iPhone Developer";
				COPY_PHASE_STRIP = NO;
				DEBUG_INFORMATION_FORMAT = dwarf;
				ENABLE_STRICT_OBJC_MSGSEND = YES;
				ENABLE_TESTABILITY = YES;
				GCC_C_LANGUAGE_STANDARD = gnu99;
				GCC_DYNAMIC_NO_PIC = NO;
				GCC_NO_COMMON_BLOCKS = YES;
				GCC_OPTIMIZATION_LEVEL = 0;
				GCC_PREPROCESSOR_DEFINITIONS = (
					"DEBUG=1",
					"$(inherited)",
				);
				GCC_WARN_64_TO_32_BIT_CONVERSION = YES;
				GCC_WARN_ABOUT_RETURN_TYPE = YES_ERROR;
				GCC_WARN_UNDECLARED_SELECTOR = YES;
				GCC_WARN_UNINITIALIZED_AUTOS = YES_AGGRESSIVE;
				GCC_WARN_UNUSED_FUNCTION = YES;
				GCC_WARN_UNUSED_VARIABLE = YES;
				IPHONEOS_DEPLOYMENT_TARGET = 10.0;
				MTL_ENABLE_DEBUG_INFO = YES;
				ONLY_ACTIVE_ARCH = YES;
				SDKROOT = iphoneos;
			};
			name = Debug;
		};
		D68150811D94CC550022D367 /* Release */ = {
			isa = XCBuildConfiguration;
			buildSettings = {
				ALWAYS_SEARCH_USER_PATHS = NO;
				CLANG_ANALYZER_NONNULL = YES;
				CLANG_CXX_LANGUAGE_STANDARD = "gnu++0x";
				CLANG_CXX_LIBRARY = "libc++";
				CLANG_ENABLE_MODULES = YES;
				CLANG_ENABLE_OBJC_ARC = YES;
				CLANG_WARN_BOOL_CONVERSION = YES;
				CLANG_WARN_CONSTANT_CONVERSION = YES;
				CLANG_WARN_DIRECT_OBJC_ISA_USAGE = YES_ERROR;
				CLANG_WARN_DOCUMENTATION_COMMENTS = YES;
				CLANG_WARN_EMPTY_BODY = YES;
				CLANG_WARN_ENUM_CONVERSION = YES;
				CLANG_WARN_INFINITE_RECURSION = YES;
				CLANG_WARN_INT_CONVERSION = YES;
				CLANG_WARN_OBJC_ROOT_CLASS = YES_ERROR;
				CLANG_WARN_SUSPICIOUS_MOVES = YES;
				CLANG_WARN_UNREACHABLE_CODE = YES;
				CLANG_WARN__DUPLICATE_METHOD_MATCH = YES;
				"CODE_SIGN_IDENTITY[sdk=iphoneos*]" = "iPhone Developer";
				COPY_PHASE_STRIP = NO;
				DEBUG_INFORMATION_FORMAT = "dwarf-with-dsym";
				ENABLE_NS_ASSERTIONS = NO;
				ENABLE_STRICT_OBJC_MSGSEND = YES;
				GCC_C_LANGUAGE_STANDARD = gnu99;
				GCC_NO_COMMON_BLOCKS = YES;
				GCC_WARN_64_TO_32_BIT_CONVERSION = YES;
				GCC_WARN_ABOUT_RETURN_TYPE = YES_ERROR;
				GCC_WARN_UNDECLARED_SELECTOR = YES;
				GCC_WARN_UNINITIALIZED_AUTOS = YES_AGGRESSIVE;
				GCC_WARN_UNUSED_FUNCTION = YES;
				GCC_WARN_UNUSED_VARIABLE = YES;
				IPHONEOS_DEPLOYMENT_TARGET = 10.0;
				MTL_ENABLE_DEBUG_INFO = NO;
				SDKROOT = iphoneos;
				VALIDATE_PRODUCT = YES;
			};
			name = Release;
		};
		D68150831D94CC550022D367 /* Debug */ = {
			isa = XCBuildConfiguration;
			buildSettings = {
				DEVELOPMENT_TEAM = JN9JB2J342;
				OTHER_LDFLAGS = "-ObjC";
				PRODUCT_NAME = "$(TARGET_NAME)";
				SKIP_INSTALL = YES;
			};
			name = Debug;
		};
		D68150841D94CC550022D367 /* Release */ = {
			isa = XCBuildConfiguration;
			buildSettings = {
				DEVELOPMENT_TEAM = JN9JB2J342;
				OTHER_LDFLAGS = "-ObjC";
				PRODUCT_NAME = "$(TARGET_NAME)";
				SKIP_INSTALL = YES;
			};
			name = Release;
		};
/* End XCBuildConfiguration section */

/* Begin XCConfigurationList section */
		D68150741D94CC550022D367 /* Build configuration list for PBXProject "Lwt_PhotoBrowser" */ = {
			isa = XCConfigurationList;
			buildConfigurations = (
				D68150801D94CC550022D367 /* Debug */,
				D68150811D94CC550022D367 /* Release */,
			);
			defaultConfigurationIsVisible = 0;
			defaultConfigurationName = Release;
		};
		D68150821D94CC550022D367 /* Build configuration list for PBXNativeTarget "Lwt_PhotoBrowser" */ = {
			isa = XCConfigurationList;
			buildConfigurations = (
				D68150831D94CC550022D367 /* Debug */,
				D68150841D94CC550022D367 /* Release */,
			);
			defaultConfigurationIsVisible = 0;
		};
/* End XCConfigurationList section */
	};
	rootObject = D68150711D94CC550022D367 /* Project object */;
}
